# THIS IS AN AUTOGENERATED FILE. DO NOT EDIT THIS FILE DIRECTLY.
# yarn lockfile v1


"@types/big.js@6.1.1":
  version "6.1.1"
  resolved "https://registry.yarnpkg.com/@types/big.js/-/big.js-6.1.1.tgz#c2be5e81e0cf0c1c31704e3b12f750712f647414"
  integrity sha512-Zns+nT0hj96ie+GDbL5NeHxhL4wNz8QMxCHqBvxgc4x0hhgQ/o92rPwqxvPBhY3ZYnH8TJGw/8oCkjhOy2Rfzw==

big.js@6.1.1, big.js@^6.1.1:
  version "6.1.1"
  resolved "https://registry.yarnpkg.com/big.js/-/big.js-6.1.1.tgz#63b35b19dc9775c94991ee5db7694880655d5537"
  integrity sha512-1vObw81a8ylZO5ePrtMay0n018TcftpTA5HFKDaSuiUDBo8biRBtjIobw60OpwuvrGk+FsxKamqN4cnmj/eXdg==

trading-signals@^2.0.0:
  version "2.0.0"
  resolved "https://registry.yarnpkg.com/trading-signals/-/trading-signals-2.0.0.tgz#4c9bacfefa6ddefba17feee2760578a63fb08f0a"
  integrity sha512-OPz2JTR03mSIYs2K4m+ah5oXaYnfw/o5dOggI6WzjwBuZcjcsf1sfjBI5cmhEdkfhGqVIOjyN6pY1SszmHOVUQ==
  dependencies:
    "@types/big.js" "6.1.1"
    big.js "6.1.1"
